
Microsoft Visual Studio Solution File, Format Version 12.00
Project("{FAE04EC0-301F-11D3-BF4B-00C04F79EFBC}") = "lab10_wpf_cars", "lab10_wpf_cars\lab10_wpf_cars.csproj", "{BDBEBCEB-1508-4FAD-AAAF-9B56A468E3BE}"
EndProject
Global
	GlobalSection(SolutionConfigurationPlatforms) = preSolution
		Debug|Any CPU = Debug|Any CPU
		Release|Any CPU = Release|Any CPU
	EndGlobalSection
	GlobalSection(ProjectConfigurationPlatforms) = postSolution
		{BDBEBCEB-1508-4FAD-AAAF-9B56A468E3BE}.Debug|Any CPU.ActiveCfg = Debug|Any CPU
		{BDBEBCEB-1508-4FAD-AAAF-9B56A468E3BE}.Debug|Any CPU.Build.0 = Debug|Any CPU
		{BDBEBCEB-1508-4FAD-AAAF-9B56A468E3BE}.Release|Any CPU.ActiveCfg = Release|Any CPU
		{BDBEBCEB-1508-4FAD-AAAF-9B56A468E3BE}.Release|Any CPU.Build.0 = Release|Any CPU
	EndGlobalSection
EndGlobal
